
Microsoft Visual Studio Solution File, Format Version 12.00
# Visual Studio 15
VisualStudioVersion = 15.0.28010.2036
MinimumVisualStudioVersion = 10.0.40219.1
Project("{8BC9CEB8-8B4A-11D0-8D11-00A0C91BC942}") = "mp2-Tlist", "mp2-Tlist\mp2-Tlist.vcxproj", "{5C726AAC-828B-4C45-B863-BA1E3C2D7DB3}"
EndProject
Global
	GlobalSection(SolutionConfigurationPlatforms) = preSolution
		Debug|x64 = Debug|x64
		Debug|x86 = Debug|x86
		Release|x64 = Release|x64
		Release|x86 = Release|x86
	EndGlobalSection
	GlobalSection(ProjectConfigurationPlatforms) = postSolution
		{5C726AAC-828B-4C45-B863-BA1E3C2D7DB3}.Debug|x64.ActiveCfg = Debug|x64
		{5C726AAC-828B-4C45-B863-BA1E3C2D7DB3}.Debug|x64.Build.0 = Debug|x64
		{5C726AAC-828B-4C45-B863-BA1E3C2D7DB3}.Debug|x86.ActiveCfg = Debug|Win32
		{5C726AAC-828B-4C45-B863-BA1E3C2D7DB3}.Debug|x86.Build.0 = Debug|Win32
		{5C726AAC-828B-4C45-B863-BA1E3C2D7DB3}.Release|x64.ActiveCfg = Release|x64
		{5C726AAC-828B-4C45-B863-BA1E3C2D7DB3}.Release|x64.Build.0 = Release|x64
		{5C726AAC-828B-4C45-B863-BA1E3C2D7DB3}.Release|x86.ActiveCfg = Release|Win32
		{5C726AAC-828B-4C45-B863-BA1E3C2D7DB3}.Release|x86.Build.0 = Release|Win32
	EndGlobalSection
	GlobalSection(SolutionProperties) = preSolution
		HideSolutionNode = FALSE
	EndGlobalSection
	GlobalSection(ExtensibilityGlobals) = postSolution
		SolutionGuid = {AD925AA5-F5E4-4AD5-BBCE-96CB4F6EA3D9}
	EndGlobalSection
EndGlobal
